// !$*UTF8*$!
{
	archiveVersion = 1;
	classes = {
	};
	objectVersion = 50;
	objects = {

/* Begin PBXBuildFile section */
		314E80E826ED9F4B00F642DC /* AppDelegate.swift in Sources */ = {isa = PBXBuildFile; fileRef = 314E80E726ED9F4B00F642DC /* AppDelegate.swift */; };
		314E80EA26ED9F4B00F642DC /* SceneDelegate.swift in Sources */ = {isa = PBXBuildFile; fileRef = 314E80E926ED9F4B00F642DC /* SceneDelegate.swift */; };
		314E80EC26ED9F4B00F642DC /* ViewController.swift in Sources */ = {isa = PBXBuildFile; fileRef = 314E80EB26ED9F4B00F642DC /* ViewController.swift */; };
		314E80EF26ED9F4B00F642DC /* Main.storyboard in Resources */ = {isa = PBXBuildFile; fileRef = 314E80ED26ED9F4B00F642DC /* Main.storyboard */; };
		314E80F126ED9F4D00F642DC /* Assets.xcassets in Resources */ = {isa = PBXBuildFile; fileRef = 314E80F026ED9F4D00F642DC /* Assets.xcassets */; };
		314E80F426ED9F4D00F642DC /* LaunchScreen.storyboard in Resources */ = {isa = PBXBuildFile; fileRef = 314E80F226ED9F4D00F642DC /* LaunchScreen.storyboard */; };
/* End PBXBuildFile section */

/* Begin PBXFileReference section */
		314E80E426ED9F4B00F642DC /* Roll A Dice.app */ = {isa = PBXFileReference; explicitFileType = wrapper.application; includeInIndex = 0; path = "Roll A Dice.app"; sourceTree = BUILT_PRODUCTS_DIR; };
		314E80E726ED9F4B00F642DC /* AppDelegate.swift */ = {isa = PBXFileReference; lastKnownFileType = sourcecode.swift; path = AppDelegate.swift; sourceTree = "<group>"; };
		314E80E926ED9F4B00F642DC /* SceneDelegate.swift */ = {isa = PBXFileReference; lastKnownFileType = sourcecode.swift; path = SceneDelegate.swift; sourceTree = "<group>"; };
		314E80EB26ED9F4B00F642DC /* ViewController.swift */ = {isa = PBXFileReference; lastKnownFileType = sourcecode.swift; path = ViewController.swift; sourceTree = "<group>"; };
		314E80EE26ED9F4B00F642DC /* Base */ = {isa = PBXFileReference; lastKnownFileType = file.storyboard; name = Base; path = Base.lproj/Main.storyboard; sourceTree = "<group>"; };
		314E80F026ED9F4D00F642DC /* Assets.xcassets */ = {isa = PBXFileReference; lastKnownFileType = folder.assetcatalog; path = Assets.xcassets; sourceTree = "<group>"; };
		314E80F326ED9F4D00F642DC /* Base */ = {isa = PBXFileReference; lastKnownFileType = file.storyboard; name = Base; path = Base.lproj/LaunchScreen.storyboard; sourceTree = "<group>"; };
		314E80F526ED9F4D00F642DC /* Info.plist */ = {isa = PBXFileReference; lastKnownFileType = text.plist.xml; path = Info.plist; sourceTree = "<group>"; };
/* End PBXFileReference section */

/* Begin PBXFrameworksBuildPhase section */
		314E80E126ED9F4B00F642DC /* Frameworks */ = {
			isa = PBXFrameworksBuildPhase;
			buildActionMask = 2147483647;
			files = (
			);
			runOnlyForDeploymentPostprocessing = 0;
		};
/* End PBXFrameworksBuildPhase section */

/* Begin PBXGroup section */
		314E80DB26ED9F4B00F642DC = {
			isa = PBXGroup;
			children = (
				314E80E626ED9F4B00F642DC /* Roll A Dice */,
				314E80E526ED9F4B00F642DC /* Products */,
			);
			sourceTree = "<group>";
		};
		314E80E526ED9F4B00F642DC /* Products */ = {
			isa = PBXGroup;
			children = (
				314E80E426ED9F4B00F642DC /* Roll A Dice.app */,
			);
			name = Products;
			sourceTree = "<group>";
		};
		314E80E626ED9F4B00F642DC /* Roll A Dice */ = {
			isa = PBXGroup;
			children = (
				314E80E726ED9F4B00F642DC /* AppDelegate.swift */,
				314E80E926ED9F4B00F642DC /* SceneDelegate.swift */,
				314E80EB26ED9F4B00F642DC /* ViewController.swift */,
				314E80ED26ED9F4B00F642DC /* Main.storyboard */,
				314E80F026ED9F4D00F642DC /* Assets.xcassets */,
				314E80F226ED9F4D00F642DC /* LaunchScreen.storyboard */,
				314E80F526ED9F4D00F642DC /* Info.plist */,
			);
			path = "Roll A Dice";
			sourceTree = "<group>";
		};
/* End PBXGroup section */

/* Begin PBXNativeTarget section */
		314E80E326ED9F4B00F642DC /* Roll A Dice */ = {
			isa = PBXNativeTarget;
			buildConfigurationList = 314E80F826ED9F4D00F642DC /* Build configuration list for PBXNativeTarget "Roll A Dice" */;
			buildPhases = (
				314E80E026ED9F4B00F642DC /* Sources */,
				314E80E126ED9F4B00F642DC /* Frameworks */,
				314E80E226ED9F4B00F642DC /* Resources */,
			);
			buildRules = (
			);
			dependencies = (
			);
			name = "Roll A Dice";
			productName = "Roll A Dice";
			productReference = 314E80E426ED9F4B00F642DC /* Roll A Dice.app */;
			productType = "com.apple.product-type.application";
		};
/* End PBXNativeTarget section */

/* Begin PBXProject section */
		314E80DC26ED9F4B00F642DC /* Project object */ = {
			isa = PBXProject;
			attributes = {
				LastSwiftUpdateCheck = 1130;
				LastUpgradeCheck = 1130;
				ORGANIZATIONNAME = edu.northeastern.fya;
				TargetAttributes = {
					314E80E326ED9F4B00F642DC = {
						CreatedOnToolsVersion = 11.3.1;
					};
				};
			};
			buildConfigurationList = 314E80DF26ED9F4B00F642DC /* Build configuration list for PBXProject "Roll A Dice" */;
			compatibilityVersion = "Xcode 9.3";
			developmentRegion = en;
			hasScannedForEncodings = 0;
			knownRegions = (
				en,
				Base,
			);
			mainGroup = 314E80DB26ED9F4B00F642DC;
			productRefGroup = 314E80E526ED9F4B00F642DC /* Products */;
			projectDirPath = "";
			projectRoot = "";
			targets = (
				314E80E326ED9F4B00F642DC /* Roll A Dice */,
			);
		};
/* End PBXProject section */

/* Begin PBXResourcesBuildPhase section */
		314E80E226ED9F4B00F642DC /* Resources */ = {
			isa = PBXResourcesBuildPhase;
			buildActionMask = 2147483647;
			files = (
				314E80F426ED9F4D00F642DC /* LaunchScreen.storyboard in Resources */,
				314E80F126ED9F4D00F642DC /* Assets.xcassets in Resources */,
				314E80EF26ED9F4B00F642DC /* Main.storyboard in Resources */,
			);
			runOnlyForDeploymentPostprocessing = 0;
		};
/* End PBXResourcesBuildPhase section */

/* Begin PBXSourcesBuildPhase section */
		314E80E026ED9F4B00F642DC /* Sources */ = {
			isa = PBXSourcesBuildPhase;
			buildActionMask = 2147483647;
			files = (
				314E80EC26ED9F4B00F642DC /* ViewController.swift in Sources */,
				314E80E826ED9F4B00F642DC /* AppDelegate.swift in Sources */,
				314E80EA26ED9F4B00F642DC /* SceneDelegate.swift in Sources */,
			);
			runOnlyForDeploymentPostprocessing = 0;
		};
/* End PBXSourcesBuildPhase section */

/* Begin PBXVariantGroup section */
		314E80ED26ED9F4B00F642DC /* Main.storyboard */ = {
			isa = PBXVariantGroup;
			children = (
				314E80EE26ED9F4B00F642DC /* Base */,
			);
			name = Main.storyboard;
			sourceTree = "<group>";
		};
		314E80F226ED9F4D00F642DC /* LaunchScreen.storyboard */ = {
			isa = PBXVariantGroup;
			children = (
				314E80F326ED9F4D00F642DC /* Base */,
			);
			name = LaunchScreen.storyboard;
			sourceTree = "<group>";
		};
/* End PBXVariantGroup section */

/* Begin XCBuildConfiguration section */
		314E80F626ED9F4D00F642DC /* Debug */ = {
			isa = XCBuildConfiguration;
			buildSettings = {
				ALWAYS_SEARCH_USER_PATHS = NO;
				CLANG_ANALYZER_NONNULL = YES;
				CLANG_ANALYZER_NUMBER_OBJECT_CONVERSION = YES_AGGRESSIVE;
				CLANG_CXX_LANGUAGE_STANDARD = "gnu++14";
				CLANG_CXX_LIBRARY = "libc++";
				CLANG_ENABLE_MODULES = YES;
				CLANG_ENABLE_OBJC_ARC = YES;
				CLANG_ENABLE_OBJC_WEAK = YES;
				CLANG_WARN_BLOCK_CAPTURE_AUTORELEASING = YES;
				CLANG_WARN_BOOL_CONVERSION = YES;
				CLANG_WARN_COMMA = YES;
				CLANG_WARN_CONSTANT_CONVERSION = YES;
				CLANG_WARN_DEPRECATED_OBJC_IMPLEMENTATIONS = YES;
				CLANG_WARN_DIRECT_OBJC_ISA_USAGE = YES_ERROR;
				CLANG_WARN_DOCUMENTATION_COMMENTS = YES;
				CLANG_WARN_EMPTY_BODY = YES;
				CLANG_WARN_ENUM_CONVERSION = YES;
				CLANG_WARN_INFINITE_RECURSION = YES;
				CLANG_WARN_INT_CONVERSION = YES;
				CLANG_WARN_NON_LITERAL_NULL_CONVERSION = YES;
				CLANG_WARN_OBJC_IMPLICIT_RETAIN_SELF = YES;
				CLANG_WARN_OBJC_LITERAL_CONVERSION = YES;
				CLANG_WARN_OBJC_ROOT_CLASS = YES_ERROR;
				CLANG_WARN_RANGE_LOOP_ANALYSIS = YES;
				CLANG_WARN_STRICT_PROTOTYPES = YES;
				CLANG_WARN_SUSPICIOUS_MOVE = YES;
				CLANG_WARN_UNGUARDED_AVAILABILITY = YES_AGGRESSIVE;
				CLANG_WARN_UNREACHABLE_CODE = YES;
				CLANG_WARN__DUPLICATE_METHOD_MATCH = YES;
				COPY_PHASE_STRIP = NO;
				DEBUG_INFORMATION_FORMAT = dwarf;
				ENABLE_STRICT_OBJC_MSGSEND = YES;
				ENABLE_TESTABILITY = YES;
				GCC_C_LANGUAGE_STANDARD = gnu11;
				GCC_DYNAMIC_NO_PIC = NO;
				GCC_NO_COMMON_BLOCKS = YES;
				GCC_OPTIMIZATION_LEVEL = 0;
				GCC_PREPROCESSOR_DEFINITIONS = (
					"DEBUG=1",
					"$(inherited)",
				);
				GCC_WARN_64_TO_32_BIT_CONVERSION = YES;
				GCC_WARN_ABOUT_RETURN_TYPE = YES_ERROR;
				GCC_WARN_UNDECLARED_SELECTOR = YES;
				GCC_WARN_UNINITIALIZED_AUTOS = YES_AGGRESSIVE;
				GCC_WARN_UNUSED_FUNCTION = YES;
				GCC_WARN_UNUSED_VARIABLE = YES;
				IPHONEOS_DEPLOYMENT_TARGET = 13.2;
				MTL_ENABLE_DEBUG_INFO = INCLUDE_SOURCE;
				MTL_FAST_MATH = YES;
				ONLY_ACTIVE_ARCH = YES;
				SDKROOT = iphoneos;
				SWIFT_ACTIVE_COMPILATION_CONDITIONS = DEBUG;
				SWIFT_OPTIMIZATION_LEVEL = "-Onone";
			};
			name = Debug;
		};
		314E80F726ED9F4D00F642DC /* Release */ = {
			isa = XCBuildConfiguration;
			buildSettings = {
				ALWAYS_SEARCH_USER_PATHS = NO;
				CLANG_ANALYZER_NONNULL = YES;
				CLANG_ANALYZER_NUMBER_OBJECT_CONVERSION = YES_AGGRESSIVE;
				CLANG_CXX_LANGUAGE_STANDARD = "gnu++14";
				CLANG_CXX_LIBRARY = "libc++";
				CLANG_ENABLE_MODULES = YES;
				CLANG_ENABLE_OBJC_ARC = YES;
				CLANG_ENABLE_OBJC_WEAK = YES;
				CLANG_WARN_BLOCK_CAPTURE_AUTORELEASING = YES;
				CLANG_WARN_BOOL_CONVERSION = YES;
				CLANG_WARN_COMMA = YES;
				CLANG_WARN_CONSTANT_CONVERSION = YES;
				CLANG_WARN_DEPRECATED_OBJC_IMPLEMENTATIONS = YES;
				CLANG_WARN_DIRECT_OBJC_ISA_USAGE = YES_ERROR;
				CLANG_WARN_DOCUMENTATION_COMMENTS = YES;
				CLANG_WARN_EMPTY_BODY = YES;
				CLANG_WARN_ENUM_CONVERSION = YES;
				CLANG_WARN_INFINITE_RECURSION = YES;
				CLANG_WARN_INT_CONVERSION = YES;
				CLANG_WARN_NON_LITERAL_NULL_CONVERSION = YES;
				CLANG_WARN_OBJC_IMPLICIT_RETAIN_SELF = YES;
				CLANG_WARN_OBJC_LITERAL_CONVERSION = YES;
				CLANG_WARN_OBJC_ROOT_CLASS = YES_ERROR;
				CLANG_WARN_RANGE_LOOP_ANALYSIS = YES;
				CLANG_WARN_STRICT_PROTOTYPES = YES;
				CLANG_WARN_SUSPICIOUS_MOVE = YES;
				CLANG_WARN_UNGUARDED_AVAILABILITY = YES_AGGRESSIVE;
				CLANG_WARN_UNREACHABLE_CODE = YES;
				CLANG_WARN__DUPLICATE_METHOD_MATCH = YES;
				COPY_PHASE_STRIP = NO;
				DEBUG_INFORMATION_FORMAT = "dwarf-with-dsym";
				ENABLE_NS_ASSERTIONS = NO;
				ENABLE_STRICT_OBJC_MSGSEND = YES;
				GCC_C_LANGUAGE_STANDARD = gnu11;
				GCC_NO_COMMON_BLOCKS = YES;
				GCC_WARN_64_TO_32_BIT_CONVERSION = YES;
				GCC_WARN_ABOUT_RETURN_TYPE = YES_ERROR;
				GCC_WARN_UNDECLARED_SELECTOR = YES;
				GCC_WARN_UNINITIALIZED_AUTOS = YES_AGGRESSIVE;
				GCC_WARN_UNUSED_FUNCTION = YES;
				GCC_WARN_UNUSED_VARIABLE = YES;
				IPHONEOS_DEPLOYMENT_TARGET = 13.2;
				MTL_ENABLE_DEBUG_INFO = NO;
				MTL_FAST_MATH = YES;
				SDKROOT = iphoneos;
				SWIFT_COMPILATION_MODE = wholemodule;
				SWIFT_OPTIMIZATION_LEVEL = "-O";
				VALIDATE_PRODUCT = YES;
			};
			name = Release;
		};
		314E80F926ED9F4D00F642DC /* Debug */ = {
			isa = XCBuildConfiguration;
			buildSettings = {
				ASSETCATALOG_COMPILER_APPICON_NAME = AppIcon;
				CODE_SIGN_STYLE = Automatic;
				DEVELOPMENT_TEAM = S7J8Z6C4JR;
				INFOPLIST_FILE = "Roll A Dice/Info.plist";
				LD_RUNPATH_SEARCH_PATHS = (
					"$(inherited)",
					"@executable_path/Frameworks",
				);
				PRODUCT_BUNDLE_IDENTIFIER = "com.ifan.Roll-A-Dice";
				PRODUCT_NAME = "$(TARGET_NAME)";
				SWIFT_VERSION = 5.0;
				TARGETED_DEVICE_FAMILY = "1,2";
			};
			name = Debug;
		};
		314E80FA26ED9F4D00F642DC /* Release */ = {
			isa = XCBuildConfiguration;
			buildSettings = {
				ASSETCATALOG_COMPILER_APPICON_NAME = AppIcon;
				CODE_SIGN_STYLE = Automatic;
				DEVELOPMENT_TEAM = S7J8Z6C4JR;
				INFOPLIST_FILE = "Roll A Dice/Info.plist";
				LD_RUNPATH_SEARCH_PATHS = (
					"$(inherited)",
					"@executable_path/Frameworks",
				);
				PRODUCT_BUNDLE_IDENTIFIER = "com.ifan.Roll-A-Dice";
				PRODUCT_NAME = "$(TARGET_NAME)";
				SWIFT_VERSION = 5.0;
				TARGETED_DEVICE_FAMILY = "1,2";
			};
			name = Release;
		};
/* End XCBuildConfiguration section */

/* Begin XCConfigurationList section */
		314E80DF26ED9F4B00F642DC /* Build configuration list for PBXProject "Roll A Dice" */ = {
			isa = XCConfigurationList;
			buildConfigurations = (
				314E80F626ED9F4D00F642DC /* Debug */,
				314E80F726ED9F4D00F642DC /* Release */,
			);
			defaultConfigurationIsVisible = 0;
			defaultConfigurationName = Release;
		};
		314E80F826ED9F4D00F642DC /* Build configuration list for PBXNativeTarget "Roll A Dice" */ = {
			isa = XCConfigurationList;
			buildConfigurations = (
				314E80F926ED9F4D00F642DC /* Debug */,
				314E80FA26ED9F4D00F642DC /* Release */,
			);
			defaultConfigurationIsVisible = 0;
			defaultConfigurationName = Release;
		};
/* End XCConfigurationList section */
	};
	rootObject = 314E80DC26ED9F4B00F642DC /* Project object */;
}
